
Microsoft Visual Studio Solution File, Format Version 12.00
# Visual Studio Version 17
VisualStudioVersion = 17.13.35828.75 d17.13
MinimumVisualStudioVersion = 10.0.40219.1
Project("{FAE04EC0-301F-11D3-BF4B-00C04F79EFBC}") = "RefreshToken", "RefreshToken\RefreshToken.csproj", "{5DFC5E95-B59E-49D0-87AF-B3A02DF3F3F0}"
EndProject
Global
	GlobalSection(SolutionConfigurationPlatforms) = preSolution
		Debug|Any CPU = Debug|Any CPU
		Release|Any CPU = Release|Any CPU
	EndGlobalSection
	GlobalSection(ProjectConfigurationPlatforms) = postSolution
		{5DFC5E95-B59E-49D0-87AF-B3A02DF3F3F0}.Debug|Any CPU.ActiveCfg = Debug|Any CPU
		{5DFC5E95-B59E-49D0-87AF-B3A02DF3F3F0}.Debug|Any CPU.Build.0 = Debug|Any CPU
		{5DFC5E95-B59E-49D0-87AF-B3A02DF3F3F0}.Release|Any CPU.ActiveCfg = Release|Any CPU
		{5DFC5E95-B59E-49D0-87AF-B3A02DF3F3F0}.Release|Any CPU.Build.0 = Release|Any CPU
	EndGlobalSection
	GlobalSection(SolutionProperties) = preSolution
		HideSolutionNode = FALSE
	EndGlobalSection
	GlobalSection(ExtensibilityGlobals) = postSolution
		SolutionGuid = {C836E14A-624B-4AF0-ADA1-84BB9BC3F18F}
	EndGlobalSection
EndGlobal
